
Microsoft Visual Studio Solution File, Format Version 12.00
# Visual Studio Version 16
VisualStudioVersion = 16.0.32602.291
MinimumVisualStudioVersion = 10.0.40219.1
Project("{FAE04EC0-301F-11D3-BF4B-00C04F79EFBC}") = "WebSessionOne", "WebSessionOne\WebSessionOne.csproj", "{73CDEB72-29A8-494B-92A5-6D9E89CD8FE9}"
EndProject
Global
	GlobalSection(SolutionConfigurationPlatforms) = preSolution
		Debug|Any CPU = Debug|Any CPU
		Release|Any CPU = Release|Any CPU
	EndGlobalSection
	GlobalSection(ProjectConfigurationPlatforms) = postSolution
		{73CDEB72-29A8-494B-92A5-6D9E89CD8FE9}.Debug|Any CPU.ActiveCfg = Debug|Any CPU
		{73CDEB72-29A8-494B-92A5-6D9E89CD8FE9}.Debug|Any CPU.Build.0 = Debug|Any CPU
		{73CDEB72-29A8-494B-92A5-6D9E89CD8FE9}.Release|Any CPU.ActiveCfg = Release|Any CPU
		{73CDEB72-29A8-494B-92A5-6D9E89CD8FE9}.Release|Any CPU.Build.0 = Release|Any CPU
	EndGlobalSection
	GlobalSection(SolutionProperties) = preSolution
		HideSolutionNode = FALSE
	EndGlobalSection
	GlobalSection(ExtensibilityGlobals) = postSolution
		SolutionGuid = {4F97329B-EEEF-430F-8200-8AE18424235B}
	EndGlobalSection
EndGlobal
